
Microsoft Visual Studio Solution File, Format Version 12.00
# Visual Studio 15
Project("{FAE04EC0-301F-11D3-BF4B-00C04F79EFBC}") = "GenderApp", "GenderApp\GenderApp.csproj", "{996DE51B-7066-4404-AF94-6392E8FB1068}"
EndProject
Global
	GlobalSection(SolutionConfigurationPlatforms) = preSolution
		Debug|Any CPU = Debug|Any CPU
		Release|Any CPU = Release|Any CPU
	EndGlobalSection
	GlobalSection(ProjectConfigurationPlatforms) = postSolution
		{996DE51B-7066-4404-AF94-6392E8FB1068}.Debug|Any CPU.ActiveCfg = Debug|Any CPU
		{996DE51B-7066-4404-AF94-6392E8FB1068}.Debug|Any CPU.Build.0 = Debug|Any CPU
		{996DE51B-7066-4404-AF94-6392E8FB1068}.Release|Any CPU.ActiveCfg = Release|Any CPU
		{996DE51B-7066-4404-AF94-6392E8FB1068}.Release|Any CPU.Build.0 = Release|Any CPU
	EndGlobalSection
EndGlobal
